
Microsoft Visual Studio Solution File, Format Version 12.00
# Visual Studio Version 16
VisualStudioVersion = 16.0.31105.61
MinimumVisualStudioVersion = 10.0.40219.1
Project("{8BC9CEB8-8B4A-11D0-8D11-00A0C91BC942}") = "GrpcCalculatorClient", "GrpcCalculatorClient\GrpcCalculatorClient.vcxproj", "{50A83A5A-ECBE-4D2E-B589-2A97B587554F}"
EndProject
Project("{8BC9CEB8-8B4A-11D0-8D11-00A0C91BC942}") = "GrpcCalculatorServer", "GrpcCalculatorServer\GrpcCalculatorServer.vcxproj", "{EE3EEE40-E884-4094-AF6A-0FCFF3003DBD}"
EndProject
Global
	GlobalSection(SolutionConfigurationPlatforms) = preSolution
		Debug|x64 = Debug|x64
		Debug|x86 = Debug|x86
		Release|x64 = Release|x64
		Release|x86 = Release|x86
	EndGlobalSection
	GlobalSection(ProjectConfigurationPlatforms) = postSolution
		{50A83A5A-ECBE-4D2E-B589-2A97B587554F}.Debug|x64.ActiveCfg = Debug|x64
		{50A83A5A-ECBE-4D2E-B589-2A97B587554F}.Debug|x64.Build.0 = Debug|x64
		{50A83A5A-ECBE-4D2E-B589-2A97B587554F}.Debug|x86.ActiveCfg = Debug|Win32
		{50A83A5A-ECBE-4D2E-B589-2A97B587554F}.Debug|x86.Build.0 = Debug|Win32
		{50A83A5A-ECBE-4D2E-B589-2A97B587554F}.Release|x64.ActiveCfg = Release|x64
		{50A83A5A-ECBE-4D2E-B589-2A97B587554F}.Release|x64.Build.0 = Release|x64
		{50A83A5A-ECBE-4D2E-B589-2A97B587554F}.Release|x86.ActiveCfg = Release|Win32
		{50A83A5A-ECBE-4D2E-B589-2A97B587554F}.Release|x86.Build.0 = Release|Win32
		{EE3EEE40-E884-4094-AF6A-0FCFF3003DBD}.Debug|x64.ActiveCfg = Debug|x64
		{EE3EEE40-E884-4094-AF6A-0FCFF3003DBD}.Debug|x64.Build.0 = Debug|x64
		{EE3EEE40-E884-4094-AF6A-0FCFF3003DBD}.Debug|x86.ActiveCfg = Debug|Win32
		{EE3EEE40-E884-4094-AF6A-0FCFF3003DBD}.Debug|x86.Build.0 = Debug|Win32
		{EE3EEE40-E884-4094-AF6A-0FCFF3003DBD}.Release|x64.ActiveCfg = Release|x64
		{EE3EEE40-E884-4094-AF6A-0FCFF3003DBD}.Release|x64.Build.0 = Release|x64
		{EE3EEE40-E884-4094-AF6A-0FCFF3003DBD}.Release|x86.ActiveCfg = Release|Win32
		{EE3EEE40-E884-4094-AF6A-0FCFF3003DBD}.Release|x86.Build.0 = Release|Win32
	EndGlobalSection
	GlobalSection(SolutionProperties) = preSolution
		HideSolutionNode = FALSE
	EndGlobalSection
	GlobalSection(ExtensibilityGlobals) = postSolution
		SolutionGuid = {85A919CF-2D9F-41DA-9620-8C9B635691EC}
	EndGlobalSection
EndGlobal
